// !$*UTF8*$!
{
	archiveVersion = 1;
	classes = {
	};
	objectVersion = 50;
	objects = {

/* Begin PBXBuildFile section */
		8AF1A3812105A8A00054C113 /* AppDelegate.m in Sources */ = {isa = PBXBuildFile; fileRef = 8AF1A3802105A8A00054C113 /* AppDelegate.m */; };
		8AF1A3842105A8A00054C113 /* ViewController.m in Sources */ = {isa = PBXBuildFile; fileRef = 8AF1A3832105A8A00054C113 /* ViewController.m */; };
		8AF1A3872105A8A00054C113 /* Main.storyboard in Resources */ = {isa = PBXBuildFile; fileRef = 8AF1A3852105A8A00054C113 /* Main.storyboard */; };
		8AF1A3892105A8A10054C113 /* Assets.xcassets in Resources */ = {isa = PBXBuildFile; fileRef = 8AF1A3882105A8A10054C113 /* Assets.xcassets */; };
		8AF1A38C2105A8A10054C113 /* LaunchScreen.storyboard in Resources */ = {isa = PBXBuildFile; fileRef = 8AF1A38A2105A8A10054C113 /* LaunchScreen.storyboard */; };
		8AF1A38F2105A8A10054C113 /* main.m in Sources */ = {isa = PBXBuildFile; fileRef = 8AF1A38E2105A8A10054C113 /* main.m */; };
		8AF1A3992105A8A10054C113 /* MyCirklesTests.m in Sources */ = {isa = PBXBuildFile; fileRef = 8AF1A3982105A8A10054C113 /* MyCirklesTests.m */; };
		8AF1A3A42105A8A10054C113 /* MyCirklesUITests.m in Sources */ = {isa = PBXBuildFile; fileRef = 8AF1A3A32105A8A10054C113 /* MyCirklesUITests.m */; };
/* End PBXBuildFile section */

/* Begin PBXContainerItemProxy section */
		8AF1A3952105A8A10054C113 /* PBXContainerItemProxy */ = {
			isa = PBXContainerItemProxy;
			containerPortal = 8AF1A3742105A8A00054C113 /* Project object */;
			proxyType = 1;
			remoteGlobalIDString = 8AF1A37B2105A8A00054C113;
			remoteInfo = MyCirkles;
		};
		8AF1A3A02105A8A10054C113 /* PBXContainerItemProxy */ = {
			isa = PBXContainerItemProxy;
			containerPortal = 8AF1A3742105A8A00054C113 /* Project object */;
			proxyType = 1;
			remoteGlobalIDString = 8AF1A37B2105A8A00054C113;
			remoteInfo = MyCirkles;
		};
/* End PBXContainerItemProxy section */

/* Begin PBXFileReference section */
		8AF1A37C2105A8A00054C113 /* MyCirkles.app */ = {isa = PBXFileReference; explicitFileType = wrapper.application; includeInIndex = 0; path = MyCirkles.app; sourceTree = BUILT_PRODUCTS_DIR; };
		8AF1A37F2105A8A00054C113 /* AppDelegate.h */ = {isa = PBXFileReference; lastKnownFileType = sourcecode.c.h; path = AppDelegate.h; sourceTree = "<group>"; };
		8AF1A3802105A8A00054C113 /* AppDelegate.m */ = {isa = PBXFileReference; lastKnownFileType = sourcecode.c.objc; path = AppDelegate.m; sourceTree = "<group>"; };
		8AF1A3822105A8A00054C113 /* ViewController.h */ = {isa = PBXFileReference; lastKnownFileType = sourcecode.c.h; path = ViewController.h; sourceTree = "<group>"; };
		8AF1A3832105A8A00054C113 /* ViewController.m */ = {isa = PBXFileReference; lastKnownFileType = sourcecode.c.objc; path = ViewController.m; sourceTree = "<group>"; };
		8AF1A3862105A8A00054C113 /* Base */ = {isa = PBXFileReference; lastKnownFileType = file.storyboard; name = Base; path = Base.lproj/Main.storyboard; sourceTree = "<group>"; };
		8AF1A3882105A8A10054C113 /* Assets.xcassets */ = {isa = PBXFileReference; lastKnownFileType = folder.assetcatalog; path = Assets.xcassets; sourceTree = "<group>"; };
		8AF1A38B2105A8A10054C113 /* Base */ = {isa = PBXFileReference; lastKnownFileType = file.storyboard; name = Base; path = Base.lproj/LaunchScreen.storyboard; sourceTree = "<group>"; };
		8AF1A38D2105A8A10054C113 /* Info.plist */ = {isa = PBXFileReference; lastKnownFileType = text.plist.xml; path = Info.plist; sourceTree = "<group>"; };
		8AF1A38E2105A8A10054C113 /* main.m */ = {isa = PBXFileReference; lastKnownFileType = sourcecode.c.objc; path = main.m; sourceTree = "<group>"; };
		8AF1A3942105A8A10054C113 /* MyCirklesTests.xctest */ = {isa = PBXFileReference; explicitFileType = wrapper.cfbundle; includeInIndex = 0; path = MyCirklesTests.xctest; sourceTree = BUILT_PRODUCTS_DIR; };
		8AF1A3982105A8A10054C113 /* MyCirklesTests.m */ = {isa = PBXFileReference; lastKnownFileType = sourcecode.c.objc; path = MyCirklesTests.m; sourceTree = "<group>"; };
		8AF1A39A2105A8A10054C113 /* Info.plist */ = {isa = PBXFileReference; lastKnownFileType = text.plist.xml; path = Info.plist; sourceTree = "<group>"; };
		8AF1A39F2105A8A10054C113 /* MyCirklesUITests.xctest */ = {isa = PBXFileReference; explicitFileType = wrapper.cfbundle; includeInIndex = 0; path = MyCirklesUITests.xctest; sourceTree = BUILT_PRODUCTS_DIR; };
		8AF1A3A32105A8A10054C113 /* MyCirklesUITests.m */ = {isa = PBXFileReference; lastKnownFileType = sourcecode.c.objc; path = MyCirklesUITests.m; sourceTree = "<group>"; };
		8AF1A3A52105A8A10054C113 /* Info.plist */ = {isa = PBXFileReference; lastKnownFileType = text.plist.xml; path = Info.plist; sourceTree = "<group>"; };
/* End PBXFileReference section */

/* Begin PBXFrameworksBuildPhase section */
		8AF1A3792105A8A00054C113 /* Frameworks */ = {
			isa = PBXFrameworksBuildPhase;
			buildActionMask = 2147483647;
			files = (
			);
			runOnlyForDeploymentPostprocessing = 0;
		};
		8AF1A3912105A8A10054C113 /* Frameworks */ = {
			isa = PBXFrameworksBuildPhase;
			buildActionMask = 2147483647;
			files = (
			);
			runOnlyForDeploymentPostprocessing = 0;
		};
		8AF1A39C2105A8A10054C113 /* Frameworks */ = {
			isa = PBXFrameworksBuildPhase;
			buildActionMask = 2147483647;
			files = (
			);
			runOnlyForDeploymentPostprocessing = 0;
		};
/* End PBXFrameworksBuildPhase section */

/* Begin PBXGroup section */
		8AF1A3732105A8A00054C113 = {
			isa = PBXGroup;
			children = (
				8AF1A37E2105A8A00054C113 /* MyCirkles */,
				8AF1A3972105A8A10054C113 /* MyCirklesTests */,
				8AF1A3A22105A8A10054C113 /* MyCirklesUITests */,
				8AF1A37D2105A8A00054C113 /* Products */,
			);
			sourceTree = "<group>";
		};
		8AF1A37D2105A8A00054C113 /* Products */ = {
			isa = PBXGroup;
			children = (
				8AF1A37C2105A8A00054C113 /* MyCirkles.app */,
				8AF1A3942105A8A10054C113 /* MyCirklesTests.xctest */,
				8AF1A39F2105A8A10054C113 /* MyCirklesUITests.xctest */,
			);
			name = Products;
			sourceTree = "<group>";
		};
		8AF1A37E2105A8A00054C113 /* MyCirkles */ = {
			isa = PBXGroup;
			children = (
				8AF1A37F2105A8A00054C113 /* AppDelegate.h */,
				8AF1A3802105A8A00054C113 /* AppDelegate.m */,
				8AF1A3822105A8A00054C113 /* ViewController.h */,
				8AF1A3832105A8A00054C113 /* ViewController.m */,
				8AF1A3852105A8A00054C113 /* Main.storyboard */,
				8AF1A3882105A8A10054C113 /* Assets.xcassets */,
				8AF1A38A2105A8A10054C113 /* LaunchScreen.storyboard */,
				8AF1A38D2105A8A10054C113 /* Info.plist */,
				8AF1A38E2105A8A10054C113 /* main.m */,
			);
			path = MyCirkles;
			sourceTree = "<group>";
		};
		8AF1A3972105A8A10054C113 /* MyCirklesTests */ = {
			isa = PBXGroup;
			children = (
				8AF1A3982105A8A10054C113 /* MyCirklesTests.m */,
				8AF1A39A2105A8A10054C113 /* Info.plist */,
			);
			path = MyCirklesTests;
			sourceTree = "<group>";
		};
		8AF1A3A22105A8A10054C113 /* MyCirklesUITests */ = {
			isa = PBXGroup;
			children = (
				8AF1A3A32105A8A10054C113 /* MyCirklesUITests.m */,
				8AF1A3A52105A8A10054C113 /* Info.plist */,
			);
			path = MyCirklesUITests;
			sourceTree = "<group>";
		};
/* End PBXGroup section */

/* Begin PBXNativeTarget section */
		8AF1A37B2105A8A00054C113 /* MyCirkles */ = {
			isa = PBXNativeTarget;
			buildConfigurationList = 8AF1A3A82105A8A10054C113 /* Build configuration list for PBXNativeTarget "MyCirkles" */;
			buildPhases = (
				8AF1A3782105A8A00054C113 /* Sources */,
				8AF1A3792105A8A00054C113 /* Frameworks */,
				8AF1A37A2105A8A00054C113 /* Resources */,
			);
			buildRules = (
			);
			dependencies = (
			);
			name = MyCirkles;
			productName = MyCirkles;
			productReference = 8AF1A37C2105A8A00054C113 /* MyCirkles.app */;
			productType = "com.apple.product-type.application";
		};
		8AF1A3932105A8A10054C113 /* MyCirklesTests */ = {
			isa = PBXNativeTarget;
			buildConfigurationList = 8AF1A3AB2105A8A10054C113 /* Build configuration list for PBXNativeTarget "MyCirklesTests" */;
			buildPhases = (
				8AF1A3902105A8A10054C113 /* Sources */,
				8AF1A3912105A8A10054C113 /* Frameworks */,
				8AF1A3922105A8A10054C113 /* Resources */,
			);
			buildRules = (
			);
			dependencies = (
				8AF1A3962105A8A10054C113 /* PBXTargetDependency */,
			);
			name = MyCirklesTests;
			productName = MyCirklesTests;
			productReference = 8AF1A3942105A8A10054C113 /* MyCirklesTests.xctest */;
			productType = "com.apple.product-type.bundle.unit-test";
		};
		8AF1A39E2105A8A10054C113 /* MyCirklesUITests */ = {
			isa = PBXNativeTarget;
			buildConfigurationList = 8AF1A3AE2105A8A10054C113 /* Build configuration list for PBXNativeTarget "MyCirklesUITests" */;
			buildPhases = (
				8AF1A39B2105A8A10054C113 /* Sources */,
				8AF1A39C2105A8A10054C113 /* Frameworks */,
				8AF1A39D2105A8A10054C113 /* Resources */,
			);
			buildRules = (
			);
			dependencies = (
				8AF1A3A12105A8A10054C113 /* PBXTargetDependency */,
			);
			name = MyCirklesUITests;
			productName = MyCirklesUITests;
			productReference = 8AF1A39F2105A8A10054C113 /* MyCirklesUITests.xctest */;
			productType = "com.apple.product-type.bundle.ui-testing";
		};
/* End PBXNativeTarget section */

/* Begin PBXProject section */
		8AF1A3742105A8A00054C113 /* Project object */ = {
			isa = PBXProject;
			attributes = {
				LastUpgradeCheck = 0940;
				ORGANIZATIONNAME = MyCirkles;
				TargetAttributes = {
					8AF1A37B2105A8A00054C113 = {
						CreatedOnToolsVersion = 9.4.1;
					};
					8AF1A3932105A8A10054C113 = {
						CreatedOnToolsVersion = 9.4.1;
						TestTargetID = 8AF1A37B2105A8A00054C113;
					};
					8AF1A39E2105A8A10054C113 = {
						CreatedOnToolsVersion = 9.4.1;
						TestTargetID = 8AF1A37B2105A8A00054C113;
					};
				};
			};
			buildConfigurationList = 8AF1A3772105A8A00054C113 /* Build configuration list for PBXProject "MyCirkles" */;
			compatibilityVersion = "Xcode 9.3";
			developmentRegion = en;
			hasScannedForEncodings = 0;
			knownRegions = (
				en,
				Base,
			);
			mainGroup = 8AF1A3732105A8A00054C113;
			productRefGroup = 8AF1A37D2105A8A00054C113 /* Products */;
			projectDirPath = "";
			projectRoot = "";
			targets = (
				8AF1A37B2105A8A00054C113 /* MyCirkles */,
				8AF1A3932105A8A10054C113 /* MyCirklesTests */,
				8AF1A39E2105A8A10054C113 /* MyCirklesUITests */,
			);
		};
/* End PBXProject section */

/* Begin PBXResourcesBuildPhase section */
		8AF1A37A2105A8A00054C113 /* Resources */ = {
			isa = PBXResourcesBuildPhase;
			buildActionMask = 2147483647;
			files = (
				8AF1A38C2105A8A10054C113 /* LaunchScreen.storyboard in Resources */,
				8AF1A3892105A8A10054C113 /* Assets.xcassets in Resources */,
				8AF1A3872105A8A00054C113 /* Main.storyboard in Resources */,
			);
			runOnlyForDeploymentPostprocessing = 0;
		};
		8AF1A3922105A8A10054C113 /* Resources */ = {
			isa = PBXResourcesBuildPhase;
			buildActionMask = 2147483647;
			files = (
			);
			runOnlyForDeploymentPostprocessing = 0;
		};
		8AF1A39D2105A8A10054C113 /* Resources */ = {
			isa = PBXResourcesBuildPhase;
			buildActionMask = 2147483647;
			files = (
			);
			runOnlyForDeploymentPostprocessing = 0;
		};
/* End PBXResourcesBuildPhase section */

/* Begin PBXSourcesBuildPhase section */
		8AF1A3782105A8A00054C113 /* Sources */ = {
			isa = PBXSourcesBuildPhase;
			buildActionMask = 2147483647;
			files = (
				8AF1A3842105A8A00054C113 /* ViewController.m in Sources */,
				8AF1A38F2105A8A10054C113 /* main.m in Sources */,
				8AF1A3812105A8A00054C113 /* AppDelegate.m in Sources */,
			);
			runOnlyForDeploymentPostprocessing = 0;
		};
		8AF1A3902105A8A10054C113 /* Sources */ = {
			isa = PBXSourcesBuildPhase;
			buildActionMask = 2147483647;
			files = (
				8AF1A3992105A8A10054C113 /* MyCirklesTests.m in Sources */,
			);
			runOnlyForDeploymentPostprocessing = 0;
		};
		8AF1A39B2105A8A10054C113 /* Sources */ = {
			isa = PBXSourcesBuildPhase;
			buildActionMask = 2147483647;
			files = (
				8AF1A3A42105A8A10054C113 /* MyCirklesUITests.m in Sources */,
			);
			runOnlyForDeploymentPostprocessing = 0;
		};
/* End PBXSourcesBuildPhase section */

/* Begin PBXTargetDependency section */
		8AF1A3962105A8A10054C113 /* PBXTargetDependency */ = {
			isa = PBXTargetDependency;
			target = 8AF1A37B2105A8A00054C113 /* MyCirkles */;
			targetProxy = 8AF1A3952105A8A10054C113 /* PBXContainerItemProxy */;
		};
		8AF1A3A12105A8A10054C113 /* PBXTargetDependency */ = {
			isa = PBXTargetDependency;
			target = 8AF1A37B2105A8A00054C113 /* MyCirkles */;
			targetProxy = 8AF1A3A02105A8A10054C113 /* PBXContainerItemProxy */;
		};
/* End PBXTargetDependency section */

/* Begin PBXVariantGroup section */
		8AF1A3852105A8A00054C113 /* Main.storyboard */ = {
			isa = PBXVariantGroup;
			children = (
				8AF1A3862105A8A00054C113 /* Base */,
			);
			name = Main.storyboard;
			sourceTree = "<group>";
		};
		8AF1A38A2105A8A10054C113 /* LaunchScreen.storyboard */ = {
			isa = PBXVariantGroup;
			children = (
				8AF1A38B2105A8A10054C113 /* Base */,
			);
			name = LaunchScreen.storyboard;
			sourceTree = "<group>";
		};
/* End PBXVariantGroup section */

/* Begin XCBuildConfiguration section */
		8AF1A3A62105A8A10054C113 /* Debug */ = {
			isa = XCBuildConfiguration;
			buildSettings = {
				ALWAYS_SEARCH_USER_PATHS = NO;
				CLANG_ANALYZER_NONNULL = YES;
				CLANG_ANALYZER_NUMBER_OBJECT_CONVERSION = YES_AGGRESSIVE;
				CLANG_CXX_LANGUAGE_STANDARD = "gnu++14";
				CLANG_CXX_LIBRARY = "libc++";
				CLANG_ENABLE_MODULES = YES;
				CLANG_ENABLE_OBJC_ARC = YES;
				CLANG_ENABLE_OBJC_WEAK = YES;
				CLANG_WARN_BLOCK_CAPTURE_AUTORELEASING = YES;
				CLANG_WARN_BOOL_CONVERSION = YES;
				CLANG_WARN_COMMA = YES;
				CLANG_WARN_CONSTANT_CONVERSION = YES;
				CLANG_WARN_DEPRECATED_OBJC_IMPLEMENTATIONS = YES;
				CLANG_WARN_DIRECT_OBJC_ISA_USAGE = YES_ERROR;
				CLANG_WARN_DOCUMENTATION_COMMENTS = YES;
				CLANG_WARN_EMPTY_BODY = YES;
				CLANG_WARN_ENUM_CONVERSION = YES;
				CLANG_WARN_INFINITE_RECURSION = YES;
				CLANG_WARN_INT_CONVERSION = YES;
				CLANG_WARN_NON_LITERAL_NULL_CONVERSION = YES;
				CLANG_WARN_OBJC_IMPLICIT_RETAIN_SELF = YES;
				CLANG_WARN_OBJC_LITERAL_CONVERSION = YES;
				CLANG_WARN_OBJC_ROOT_CLASS = YES_ERROR;
				CLANG_WARN_RANGE_LOOP_ANALYSIS = YES;
				CLANG_WARN_STRICT_PROTOTYPES = YES;
				CLANG_WARN_SUSPICIOUS_MOVE = YES;
				CLANG_WARN_UNGUARDED_AVAILABILITY = YES_AGGRESSIVE;
				CLANG_WARN_UNREACHABLE_CODE = YES;
				CLANG_WARN__DUPLICATE_METHOD_MATCH = YES;
				CODE_SIGN_IDENTITY = "iPhone Developer";
				COPY_PHASE_STRIP = NO;
				DEBUG_INFORMATION_FORMAT = dwarf;
				ENABLE_STRICT_OBJC_MSGSEND = YES;
				ENABLE_TESTABILITY = YES;
				GCC_C_LANGUAGE_STANDARD = gnu11;
				GCC_DYNAMIC_NO_PIC = NO;
				GCC_NO_COMMON_BLOCKS = YES;
				GCC_OPTIMIZATION_LEVEL = 0;
				GCC_PREPROCESSOR_DEFINITIONS = (
					"DEBUG=1",
					"$(inherited)",
				);
				GCC_WARN_64_TO_32_BIT_CONVERSION = YES;
				GCC_WARN_ABOUT_RETURN_TYPE = YES_ERROR;
				GCC_WARN_UNDECLARED_SELECTOR = YES;
				GCC_WARN_UNINITIALIZED_AUTOS = YES_AGGRESSIVE;
				GCC_WARN_UNUSED_FUNCTION = YES;
				GCC_WARN_UNUSED_VARIABLE = YES;
				IPHONEOS_DEPLOYMENT_TARGET = 11.4;
				MTL_ENABLE_DEBUG_INFO = YES;
				ONLY_ACTIVE_ARCH = YES;
				SDKROOT = iphoneos;
			};
			name = Debug;
		};
		8AF1A3A72105A8A10054C113 /* Release */ = {
			isa = XCBuildConfiguration;
			buildSettings = {
				ALWAYS_SEARCH_USER_PATHS = NO;
				CLANG_ANALYZER_NONNULL = YES;
				CLANG_ANALYZER_NUMBER_OBJECT_CONVERSION = YES_AGGRESSIVE;
				CLANG_CXX_LANGUAGE_STANDARD = "gnu++14";
				CLANG_CXX_LIBRARY = "libc++";
				CLANG_ENABLE_MODULES = YES;
				CLANG_ENABLE_OBJC_ARC = YES;
				CLANG_ENABLE_OBJC_WEAK = YES;
				CLANG_WARN_BLOCK_CAPTURE_AUTORELEASING = YES;
				CLANG_WARN_BOOL_CONVERSION = YES;
				CLANG_WARN_COMMA = YES;
				CLANG_WARN_CONSTANT_CONVERSION = YES;
				CLANG_WARN_DEPRECATED_OBJC_IMPLEMENTATIONS = YES;
				CLANG_WARN_DIRECT_OBJC_ISA_USAGE = YES_ERROR;
				CLANG_WARN_DOCUMENTATION_COMMENTS = YES;
				CLANG_WARN_EMPTY_BODY = YES;
				CLANG_WARN_ENUM_CONVERSION = YES;
				CLANG_WARN_INFINITE_RECURSION = YES;
				CLANG_WARN_INT_CONVERSION = YES;
				CLANG_WARN_NON_LITERAL_NULL_CONVERSION = YES;
				CLANG_WARN_OBJC_IMPLICIT_RETAIN_SELF = YES;
				CLANG_WARN_OBJC_LITERAL_CONVERSION = YES;
				CLANG_WARN_OBJC_ROOT_CLASS = YES_ERROR;
				CLANG_WARN_RANGE_LOOP_ANALYSIS = YES;
				CLANG_WARN_STRICT_PROTOTYPES = YES;
				CLANG_WARN_SUSPICIOUS_MOVE = YES;
				CLANG_WARN_UNGUARDED_AVAILABILITY = YES_AGGRESSIVE;
				CLANG_WARN_UNREACHABLE_CODE = YES;
				CLANG_WARN__DUPLICATE_METHOD_MATCH = YES;
				CODE_SIGN_IDENTITY = "iPhone Developer";
				COPY_PHASE_STRIP = NO;
				DEBUG_INFORMATION_FORMAT = "dwarf-with-dsym";
				ENABLE_NS_ASSERTIONS = NO;
				ENABLE_STRICT_OBJC_MSGSEND = YES;
				GCC_C_LANGUAGE_STANDARD = gnu11;
				GCC_NO_COMMON_BLOCKS = YES;
				GCC_WARN_64_TO_32_BIT_CONVERSION = YES;
				GCC_WARN_ABOUT_RETURN_TYPE = YES_ERROR;
				GCC_WARN_UNDECLARED_SELECTOR = YES;
				GCC_WARN_UNINITIALIZED_AUTOS = YES_AGGRESSIVE;
				GCC_WARN_UNUSED_FUNCTION = YES;
				GCC_WARN_UNUSED_VARIABLE = YES;
				IPHONEOS_DEPLOYMENT_TARGET = 11.4;
				MTL_ENABLE_DEBUG_INFO = NO;
				SDKROOT = iphoneos;
				VALIDATE_PRODUCT = YES;
			};
			name = Release;
		};
		8AF1A3A92105A8A10054C113 /* Debug */ = {
			isa = XCBuildConfiguration;
			buildSettings = {
				ASSETCATALOG_COMPILER_APPICON_NAME = AppIcon;
				CODE_SIGN_STYLE = Automatic;
				INFOPLIST_FILE = MyCirkles/Info.plist;
				LD_RUNPATH_SEARCH_PATHS = (
					"$(inherited)",
					"@executable_path/Frameworks",
				);
				PRODUCT_BUNDLE_IDENTIFIER = MyCirkles.MyCirkles;
				PRODUCT_NAME = "$(TARGET_NAME)";
				TARGETED_DEVICE_FAMILY = "1,2";
			};
			name = Debug;
		};
		8AF1A3AA2105A8A10054C113 /* Release */ = {
			isa = XCBuildConfiguration;
			buildSettings = {
				ASSETCATALOG_COMPILER_APPICON_NAME = AppIcon;
				CODE_SIGN_STYLE = Automatic;
				INFOPLIST_FILE = MyCirkles/Info.plist;
				LD_RUNPATH_SEARCH_PATHS = (
					"$(inherited)",
					"@executable_path/Frameworks",
				);
				PRODUCT_BUNDLE_IDENTIFIER = MyCirkles.MyCirkles;
				PRODUCT_NAME = "$(TARGET_NAME)";
				TARGETED_DEVICE_FAMILY = "1,2";
			};
			name = Release;
		};
		8AF1A3AC2105A8A10054C113 /* Debug */ = {
			isa = XCBuildConfiguration;
			buildSettings = {
				BUNDLE_LOADER = "$(TEST_HOST)";
				CODE_SIGN_STYLE = Automatic;
				INFOPLIST_FILE = MyCirklesTests/Info.plist;
				LD_RUNPATH_SEARCH_PATHS = (
					"$(inherited)",
					"@executable_path/Frameworks",
					"@loader_path/Frameworks",
				);
				PRODUCT_BUNDLE_IDENTIFIER = MyCirkles.MyCirklesTests;
				PRODUCT_NAME = "$(TARGET_NAME)";
				TARGETED_DEVICE_FAMILY = "1,2";
				TEST_HOST = "$(BUILT_PRODUCTS_DIR)/MyCirkles.app/MyCirkles";
			};
			name = Debug;
		};
		8AF1A3AD2105A8A10054C113 /* Release */ = {
			isa = XCBuildConfiguration;
			buildSettings = {
				BUNDLE_LOADER = "$(TEST_HOST)";
				CODE_SIGN_STYLE = Automatic;
				INFOPLIST_FILE = MyCirklesTests/Info.plist;
				LD_RUNPATH_SEARCH_PATHS = (
					"$(inherited)",
					"@executable_path/Frameworks",
					"@loader_path/Frameworks",
				);
				PRODUCT_BUNDLE_IDENTIFIER = MyCirkles.MyCirklesTests;
				PRODUCT_NAME = "$(TARGET_NAME)";
				TARGETED_DEVICE_FAMILY = "1,2";
				TEST_HOST = "$(BUILT_PRODUCTS_DIR)/MyCirkles.app/MyCirkles";
			};
			name = Release;
		};
		8AF1A3AF2105A8A10054C113 /* Debug */ = {
			isa = XCBuildConfiguration;
			buildSettings = {
				CODE_SIGN_STYLE = Automatic;
				INFOPLIST_FILE = MyCirklesUITests/Info.plist;
				LD_RUNPATH_SEARCH_PATHS = (
					"$(inherited)",
					"@executable_path/Frameworks",
					"@loader_path/Frameworks",
				);
				PRODUCT_BUNDLE_IDENTIFIER = MyCirkles.MyCirklesUITests;
				PRODUCT_NAME = "$(TARGET_NAME)";
				TARGETED_DEVICE_FAMILY = "1,2";
				TEST_TARGET_NAME = MyCirkles;
			};
			name = Debug;
		};
		8AF1A3B02105A8A10054C113 /* Release */ = {
			isa = XCBuildConfiguration;
			buildSettings = {
				CODE_SIGN_STYLE = Automatic;
				INFOPLIST_FILE = MyCirklesUITests/Info.plist;
				LD_RUNPATH_SEARCH_PATHS = (
					"$(inherited)",
					"@executable_path/Frameworks",
					"@loader_path/Frameworks",
				);
				PRODUCT_BUNDLE_IDENTIFIER = MyCirkles.MyCirklesUITests;
				PRODUCT_NAME = "$(TARGET_NAME)";
				TARGETED_DEVICE_FAMILY = "1,2";
				TEST_TARGET_NAME = MyCirkles;
			};
			name = Release;
		};
/* End XCBuildConfiguration section */

/* Begin XCConfigurationList section */
		8AF1A3772105A8A00054C113 /* Build configuration list for PBXProject "MyCirkles" */ = {
			isa = XCConfigurationList;
			buildConfigurations = (
				8AF1A3A62105A8A10054C113 /* Debug */,
				8AF1A3A72105A8A10054C113 /* Release */,
			);
			defaultConfigurationIsVisible = 0;
			defaultConfigurationName = Release;
		};
		8AF1A3A82105A8A10054C113 /* Build configuration list for PBXNativeTarget "MyCirkles" */ = {
			isa = XCConfigurationList;
			buildConfigurations = (
				8AF1A3A92105A8A10054C113 /* Debug */,
				8AF1A3AA2105A8A10054C113 /* Release */,
			);
			defaultConfigurationIsVisible = 0;
			defaultConfigurationName = Release;
		};
		8AF1A3AB2105A8A10054C113 /* Build configuration list for PBXNativeTarget "MyCirklesTests" */ = {
			isa = XCConfigurationList;
			buildConfigurations = (
				8AF1A3AC2105A8A10054C113 /* Debug */,
				8AF1A3AD2105A8A10054C113 /* Release */,
			);
			defaultConfigurationIsVisible = 0;
			defaultConfigurationName = Release;
		};
		8AF1A3AE2105A8A10054C113 /* Build configuration list for PBXNativeTarget "MyCirklesUITests" */ = {
			isa = XCConfigurationList;
			buildConfigurations = (
				8AF1A3AF2105A8A10054C113 /* Debug */,
				8AF1A3B02105A8A10054C113 /* Release */,
			);
			defaultConfigurationIsVisible = 0;
			defaultConfigurationName = Release;
		};
/* End XCConfigurationList section */
	};
	rootObject = 8AF1A3742105A8A00054C113 /* Project object */;
}
